
Microsoft Visual Studio Solution File, Format Version 12.00
# Visual Studio Version 16
VisualStudioVersion = 16.0.33130.400
MinimumVisualStudioVersion = 10.0.40219.1
Project("{FAE04EC0-301F-11D3-BF4B-00C04F79EFBC}") = "project_admin", "project_admin.csproj", "{490EC52C-EC3B-4C4C-96DA-36DCEE8CDD27}"
EndProject
Global
	GlobalSection(SolutionConfigurationPlatforms) = preSolution
		Debug|Any CPU = Debug|Any CPU
		Release|Any CPU = Release|Any CPU
	EndGlobalSection
	GlobalSection(ProjectConfigurationPlatforms) = postSolution
		{490EC52C-EC3B-4C4C-96DA-36DCEE8CDD27}.Debug|Any CPU.ActiveCfg = Debug|Any CPU
		{490EC52C-EC3B-4C4C-96DA-36DCEE8CDD27}.Debug|Any CPU.Build.0 = Debug|Any CPU
		{490EC52C-EC3B-4C4C-96DA-36DCEE8CDD27}.Release|Any CPU.ActiveCfg = Release|Any CPU
		{490EC52C-EC3B-4C4C-96DA-36DCEE8CDD27}.Release|Any CPU.Build.0 = Release|Any CPU
	EndGlobalSection
	GlobalSection(SolutionProperties) = preSolution
		HideSolutionNode = FALSE
	EndGlobalSection
	GlobalSection(ExtensibilityGlobals) = postSolution
		SolutionGuid = {98EA7B67-314C-45BA-B8E8-BCA8B9A6DBCD}
	EndGlobalSection
EndGlobal
